// !$*UTF8*$!
{
	archiveVersion = 1;
	classes = {
	};
	objectVersion = 77;
	objects = {

/* Begin PBXBuildFile section */
		38D3D4252E63143C00F0117E /* Auth in Frameworks */ = {isa = PBXBuildFile; productRef = 38D3D4242E63143C00F0117E /* Auth */; };
		38D3D4272E63143C00F0117E /* Functions in Frameworks */ = {isa = PBXBuildFile; productRef = 38D3D4262E63143C00F0117E /* Functions */; };
		38D3D4292E63143C00F0117E /* PostgREST in Frameworks */ = {isa = PBXBuildFile; productRef = 38D3D4282E63143C00F0117E /* PostgREST */; };
		38D3D42B2E63143C00F0117E /* Realtime in Frameworks */ = {isa = PBXBuildFile; productRef = 38D3D42A2E63143C00F0117E /* Realtime */; };
		38D3D42D2E63143C00F0117E /* Storage in Frameworks */ = {isa = PBXBuildFile; productRef = 38D3D42C2E63143C00F0117E /* Storage */; };
		38D3D4342E63149F00F0117E /* Supabase in Frameworks */ = {isa = PBXBuildFile; productRef = 38D3D4332E63149F00F0117E /* Supabase */; };
/* End PBXBuildFile section */

/* Begin PBXFileReference section */
		38D3D40D2E6311FC00F0117E /* Sin-app.app */ = {isa = PBXFileReference; explicitFileType = wrapper.application; includeInIndex = 0; path = "Sin-app.app"; sourceTree = BUILT_PRODUCTS_DIR; };
/* End PBXFileReference section */

/* Begin PBXFileSystemSynchronizedRootGroup section */
		38D3D40F2E6311FC00F0117E /* Sin-app */ = {
			isa = PBXFileSystemSynchronizedRootGroup;
			path = "Sin-app";
			sourceTree = "<group>";
		};
/* End PBXFileSystemSynchronizedRootGroup section */

/* Begin PBXFrameworksBuildPhase section */
		38D3D40A2E6311FC00F0117E /* Frameworks */ = {
			isa = PBXFrameworksBuildPhase;
			buildActionMask = 2147483647;
			files = (
				38D3D4292E63143C00F0117E /* PostgREST in Frameworks */,
				38D3D4272E63143C00F0117E /* Functions in Frameworks */,
				38D3D4342E63149F00F0117E /* Supabase in Frameworks */,
				38D3D4252E63143C00F0117E /* Auth in Frameworks */,
				38D3D42D2E63143C00F0117E /* Storage in Frameworks */,
				38D3D42B2E63143C00F0117E /* Realtime in Frameworks */,
			);
			runOnlyForDeploymentPostprocessing = 0;
		};
/* End PBXFrameworksBuildPhase section */

/* Begin PBXGroup section */
		38D3D4042E6311FC00F0117E = {
			isa = PBXGroup;
			children = (
				38D3D40F2E6311FC00F0117E /* Sin-app */,
				38D3D4322E63149F00F0117E /* Frameworks */,
				38D3D40E2E6311FC00F0117E /* Products */,
			);
			sourceTree = "<group>";
		};
		38D3D40E2E6311FC00F0117E /* Products */ = {
			isa = PBXGroup;
			children = (
				38D3D40D2E6311FC00F0117E /* Sin-app.app */,
			);
			name = Products;
			sourceTree = "<group>";
		};
		38D3D4322E63149F00F0117E /* Frameworks */ = {
			isa = PBXGroup;
			children = (
			);
			name = Frameworks;
			sourceTree = "<group>";
		};
/* End PBXGroup section */

/* Begin PBXNativeTarget section */
		38D3D40C2E6311FC00F0117E /* Sin-app */ = {
			isa = PBXNativeTarget;
			buildConfigurationList = 38D3D4202E6311FD00F0117E /* Build configuration list for PBXNativeTarget "Sin-app" */;
			buildPhases = (
				38D3D4092E6311FC00F0117E /* Sources */,
				38D3D40A2E6311FC00F0117E /* Frameworks */,
				38D3D40B2E6311FC00F0117E /* Resources */,
			);
			buildRules = (
			);
			dependencies = (
			);
			fileSystemSynchronizedGroups = (
				38D3D40F2E6311FC00F0117E /* Sin-app */,
			);
			name = "Sin-app";
			packageProductDependencies = (
				38D3D4242E63143C00F0117E /* Auth */,
				38D3D4262E63143C00F0117E /* Functions */,
				38D3D4282E63143C00F0117E /* PostgREST */,
				38D3D42A2E63143C00F0117E /* Realtime */,
				38D3D42C2E63143C00F0117E /* Storage */,
				38D3D4332E63149F00F0117E /* Supabase */,
			);
			productName = "Sin-app";
			productReference = 38D3D40D2E6311FC00F0117E /* Sin-app.app */;
			productType = "com.apple.product-type.application";
		};
/* End PBXNativeTarget section */

/* Begin PBXProject section */
		38D3D4052E6311FC00F0117E /* Project object */ = {
			isa = PBXProject;
			attributes = {
				BuildIndependentTargetsInParallel = 1;
				LastSwiftUpdateCheck = 1620;
				LastUpgradeCheck = 1620;
				TargetAttributes = {
					38D3D40C2E6311FC00F0117E = {
						CreatedOnToolsVersion = 16.2;
					};
				};
			};
			buildConfigurationList = 38D3D4082E6311FC00F0117E /* Build configuration list for PBXProject "Sin-app" */;
			developmentRegion = en;
			hasScannedForEncodings = 0;
			knownRegions = (
				en,
				Base,
			);
			mainGroup = 38D3D4042E6311FC00F0117E;
			minimizedProjectReferenceProxies = 1;
			packageReferences = (
				38D3D4232E63143C00F0117E /* XCRemoteSwiftPackageReference "supabase-swift" */,
			);
			preferredProjectObjectVersion = 77;
			productRefGroup = 38D3D40E2E6311FC00F0117E /* Products */;
			projectDirPath = "";
			projectRoot = "";
			targets = (
				38D3D40C2E6311FC00F0117E /* Sin-app */,
			);
		};
/* End PBXProject section */

/* Begin PBXResourcesBuildPhase section */
		38D3D40B2E6311FC00F0117E /* Resources */ = {
			isa = PBXResourcesBuildPhase;
			buildActionMask = 2147483647;
			files = (
			);
			runOnlyForDeploymentPostprocessing = 0;
		};
/* End PBXResourcesBuildPhase section */

/* Begin PBXSourcesBuildPhase section */
		38D3D4092E6311FC00F0117E /* Sources */ = {
			isa = PBXSourcesBuildPhase;
			buildActionMask = 2147483647;
			files = (
			);
			runOnlyForDeploymentPostprocessing = 0;
		};
/* End PBXSourcesBuildPhase section */

/* Begin XCBuildConfiguration section */
		38D3D41E2E6311FD00F0117E /* Debug */ = {
			isa = XCBuildConfiguration;
			buildSettings = {
				ALWAYS_SEARCH_USER_PATHS = NO;
				ASSETCATALOG_COMPILER_GENERATE_SWIFT_ASSET_SYMBOL_EXTENSIONS = YES;
				CLANG_ANALYZER_NONNULL = YES;
				CLANG_ANALYZER_NUMBER_OBJECT_CONVERSION = YES_AGGRESSIVE;
				CLANG_CXX_LANGUAGE_STANDARD = "gnu++20";
				CLANG_ENABLE_MODULES = YES;
				CLANG_ENABLE_OBJC_ARC = YES;
				CLANG_ENABLE_OBJC_WEAK = YES;
				CLANG_WARN_BLOCK_CAPTURE_AUTORELEASING = YES;
				CLANG_WARN_BOOL_CONVERSION = YES;
				CLANG_WARN_COMMA = YES;
				CLANG_WARN_CONSTANT_CONVERSION = YES;
				CLANG_WARN_DEPRECATED_OBJC_IMPLEMENTATIONS = YES;
				CLANG_WARN_DIRECT_OBJC_ISA_USAGE = YES_ERROR;
				CLANG_WARN_DOCUMENTATION_COMMENTS = YES;
				CLANG_WARN_EMPTY_BODY = YES;
				CLANG_WARN_ENUM_CONVERSION = YES;
				CLANG_WARN_INFINITE_RECURSION = YES;
				CLANG_WARN_INT_CONVERSION = YES;
				CLANG_WARN_NON_LITERAL_NULL_CONVERSION = YES;
				CLANG_WARN_OBJC_IMPLICIT_RETAIN_SELF = YES;
				CLANG_WARN_OBJC_LITERAL_CONVERSION = YES;
				CLANG_WARN_OBJC_ROOT_CLASS = YES_ERROR;
				CLANG_WARN_QUOTED_INCLUDE_IN_FRAMEWORK_HEADER = YES;
				CLANG_WARN_RANGE_LOOP_ANALYSIS = YES;
				CLANG_WARN_STRICT_PROTOTYPES = YES;
				CLANG_WARN_SUSPICIOUS_MOVE = YES;
				CLANG_WARN_UNGUARDED_AVAILABILITY = YES_AGGRESSIVE;
				CLANG_WARN_UNREACHABLE_CODE = YES;
				CLANG_WARN__DUPLICATE_METHOD_MATCH = YES;
				COPY_PHASE_STRIP = NO;
				DEBUG_INFORMATION_FORMAT = dwarf;
				ENABLE_STRICT_OBJC_MSGSEND = YES;
				ENABLE_TESTABILITY = YES;
				ENABLE_USER_SCRIPT_SANDBOXING = YES;
				GCC_C_LANGUAGE_STANDARD = gnu17;
				GCC_DYNAMIC_NO_PIC = NO;
				GCC_NO_COMMON_BLOCKS = YES;
				GCC_OPTIMIZATION_LEVEL = 0;
				GCC_PREPROCESSOR_DEFINITIONS = (
					"DEBUG=1",
					"$(inherited)",
				);
				GCC_WARN_64_TO_32_BIT_CONVERSION = YES;
				GCC_WARN_ABOUT_RETURN_TYPE = YES_ERROR;
				GCC_WARN_UNDECLARED_SELECTOR = YES;
				GCC_WARN_UNINITIALIZED_AUTOS = YES_AGGRESSIVE;
				GCC_WARN_UNUSED_FUNCTION = YES;
				GCC_WARN_UNUSED_VARIABLE = YES;
				IPHONEOS_DEPLOYMENT_TARGET = 18.2;
				LOCALIZATION_PREFERS_STRING_CATALOGS = YES;
				MTL_ENABLE_DEBUG_INFO = INCLUDE_SOURCE;
				MTL_FAST_MATH = YES;
				ONLY_ACTIVE_ARCH = YES;
				SDKROOT = iphoneos;
				SWIFT_ACTIVE_COMPILATION_CONDITIONS = "DEBUG $(inherited)";
				SWIFT_OPTIMIZATION_LEVEL = "-Onone";
			};
			name = Debug;
		};
		38D3D41F2E6311FD00F0117E /* Release */ = {
			isa = XCBuildConfiguration;
			buildSettings = {
				ALWAYS_SEARCH_USER_PATHS = NO;
				ASSETCATALOG_COMPILER_GENERATE_SWIFT_ASSET_SYMBOL_EXTENSIONS = YES;
				CLANG_ANALYZER_NONNULL = YES;
				CLANG_ANALYZER_NUMBER_OBJECT_CONVERSION = YES_AGGRESSIVE;
				CLANG_CXX_LANGUAGE_STANDARD = "gnu++20";
				CLANG_ENABLE_MODULES = YES;
				CLANG_ENABLE_OBJC_ARC = YES;
				CLANG_ENABLE_OBJC_WEAK = YES;
				CLANG_WARN_BLOCK_CAPTURE_AUTORELEASING = YES;
				CLANG_WARN_BOOL_CONVERSION = YES;
				CLANG_WARN_COMMA = YES;
				CLANG_WARN_CONSTANT_CONVERSION = YES;
				CLANG_WARN_DEPRECATED_OBJC_IMPLEMENTATIONS = YES;
				CLANG_WARN_DIRECT_OBJC_ISA_USAGE = YES_ERROR;
				CLANG_WARN_DOCUMENTATION_COMMENTS = YES;
				CLANG_WARN_EMPTY_BODY = YES;
				CLANG_WARN_ENUM_CONVERSION = YES;
				CLANG_WARN_INFINITE_RECURSION = YES;
				CLANG_WARN_INT_CONVERSION = YES;
				CLANG_WARN_NON_LITERAL_NULL_CONVERSION = YES;
				CLANG_WARN_OBJC_IMPLICIT_RETAIN_SELF = YES;
				CLANG_WARN_OBJC_LITERAL_CONVERSION = YES;
				CLANG_WARN_OBJC_ROOT_CLASS = YES_ERROR;
				CLANG_WARN_QUOTED_INCLUDE_IN_FRAMEWORK_HEADER = YES;
				CLANG_WARN_RANGE_LOOP_ANALYSIS = YES;
				CLANG_WARN_STRICT_PROTOTYPES = YES;
				CLANG_WARN_SUSPICIOUS_MOVE = YES;
				CLANG_WARN_UNGUARDED_AVAILABILITY = YES_AGGRESSIVE;
				CLANG_WARN_UNREACHABLE_CODE = YES;
				CLANG_WARN__DUPLICATE_METHOD_MATCH = YES;
				COPY_PHASE_STRIP = NO;
				DEBUG_INFORMATION_FORMAT = "dwarf-with-dsym";
				ENABLE_NS_ASSERTIONS = NO;
				ENABLE_STRICT_OBJC_MSGSEND = YES;
				ENABLE_USER_SCRIPT_SANDBOXING = YES;
				GCC_C_LANGUAGE_STANDARD = gnu17;
				GCC_NO_COMMON_BLOCKS = YES;
				GCC_WARN_64_TO_32_BIT_CONVERSION = YES;
				GCC_WARN_ABOUT_RETURN_TYPE = YES_ERROR;
				GCC_WARN_UNDECLARED_SELECTOR = YES;
				GCC_WARN_UNINITIALIZED_AUTOS = YES_AGGRESSIVE;
				GCC_WARN_UNUSED_FUNCTION = YES;
				GCC_WARN_UNUSED_VARIABLE = YES;
				IPHONEOS_DEPLOYMENT_TARGET = 18.2;
				LOCALIZATION_PREFERS_STRING_CATALOGS = YES;
				MTL_ENABLE_DEBUG_INFO = NO;
				MTL_FAST_MATH = YES;
				SDKROOT = iphoneos;
				SWIFT_COMPILATION_MODE = wholemodule;
				VALIDATE_PRODUCT = YES;
			};
			name = Release;
		};
		38D3D4212E6311FD00F0117E /* Debug */ = {
			isa = XCBuildConfiguration;
			buildSettings = {
				ASSETCATALOG_COMPILER_APPICON_NAME = AppIcon;
				ASSETCATALOG_COMPILER_GLOBAL_ACCENT_COLOR_NAME = AccentColor;
				CODE_SIGN_STYLE = Automatic;
				CURRENT_PROJECT_VERSION = 1;
				DEVELOPMENT_ASSET_PATHS = "\"Sin-app/Preview Content\"";
				DEVELOPMENT_TEAM = M7S29Z8NZS;
				ENABLE_PREVIEWS = YES;
				GENERATE_INFOPLIST_FILE = YES;
				INFOPLIST_KEY_UIApplicationSceneManifest_Generation = YES;
				INFOPLIST_KEY_UIApplicationSupportsIndirectInputEvents = YES;
				INFOPLIST_KEY_UILaunchScreen_Generation = YES;
				INFOPLIST_KEY_UISupportedInterfaceOrientations_iPad = "UIInterfaceOrientationPortrait UIInterfaceOrientationPortraitUpsideDown UIInterfaceOrientationLandscapeLeft UIInterfaceOrientationLandscapeRight";
				INFOPLIST_KEY_UISupportedInterfaceOrientations_iPhone = "UIInterfaceOrientationPortrait UIInterfaceOrientationLandscapeLeft UIInterfaceOrientationLandscapeRight";
				IPHONEOS_DEPLOYMENT_TARGET = 16.6;
				LD_RUNPATH_SEARCH_PATHS = (
					"$(inherited)",
					"@executable_path/Frameworks",
				);
				MARKETING_VERSION = 1.0;
				PRODUCT_BUNDLE_IDENTIFIER = "MVP-builder.Sin-app";
				PRODUCT_NAME = "$(TARGET_NAME)";
				SWIFT_EMIT_LOC_STRINGS = YES;
				SWIFT_VERSION = 5.0;
				TARGETED_DEVICE_FAMILY = "1,2";
			};
			name = Debug;
		};
		38D3D4222E6311FD00F0117E /* Release */ = {
			isa = XCBuildConfiguration;
			buildSettings = {
				ASSETCATALOG_COMPILER_APPICON_NAME = AppIcon;
				ASSETCATALOG_COMPILER_GLOBAL_ACCENT_COLOR_NAME = AccentColor;
				CODE_SIGN_STYLE = Automatic;
				CURRENT_PROJECT_VERSION = 1;
				DEVELOPMENT_ASSET_PATHS = "\"Sin-app/Preview Content\"";
				DEVELOPMENT_TEAM = M7S29Z8NZS;
				ENABLE_PREVIEWS = YES;
				GENERATE_INFOPLIST_FILE = YES;
				INFOPLIST_KEY_UIApplicationSceneManifest_Generation = YES;
				INFOPLIST_KEY_UIApplicationSupportsIndirectInputEvents = YES;
				INFOPLIST_KEY_UILaunchScreen_Generation = YES;
				INFOPLIST_KEY_UISupportedInterfaceOrientations_iPad = "UIInterfaceOrientationPortrait UIInterfaceOrientationPortraitUpsideDown UIInterfaceOrientationLandscapeLeft UIInterfaceOrientationLandscapeRight";
				INFOPLIST_KEY_UISupportedInterfaceOrientations_iPhone = "UIInterfaceOrientationPortrait UIInterfaceOrientationLandscapeLeft UIInterfaceOrientationLandscapeRight";
				IPHONEOS_DEPLOYMENT_TARGET = 16.6;
				LD_RUNPATH_SEARCH_PATHS = (
					"$(inherited)",
					"@executable_path/Frameworks",
				);
				MARKETING_VERSION = 1.0;
				PRODUCT_BUNDLE_IDENTIFIER = "MVP-builder.Sin-app";
				PRODUCT_NAME = "$(TARGET_NAME)";
				SWIFT_EMIT_LOC_STRINGS = YES;
				SWIFT_VERSION = 5.0;
				TARGETED_DEVICE_FAMILY = "1,2";
			};
			name = Release;
		};
/* End XCBuildConfiguration section */

/* Begin XCConfigurationList section */
		38D3D4082E6311FC00F0117E /* Build configuration list for PBXProject "Sin-app" */ = {
			isa = XCConfigurationList;
			buildConfigurations = (
				38D3D41E2E6311FD00F0117E /* Debug */,
				38D3D41F2E6311FD00F0117E /* Release */,
			);
			defaultConfigurationIsVisible = 0;
			defaultConfigurationName = Release;
		};
		38D3D4202E6311FD00F0117E /* Build configuration list for PBXNativeTarget "Sin-app" */ = {
			isa = XCConfigurationList;
			buildConfigurations = (
				38D3D4212E6311FD00F0117E /* Debug */,
				38D3D4222E6311FD00F0117E /* Release */,
			);
			defaultConfigurationIsVisible = 0;
			defaultConfigurationName = Release;
		};
/* End XCConfigurationList section */

/* Begin XCRemoteSwiftPackageReference section */
		38D3D4232E63143C00F0117E /* XCRemoteSwiftPackageReference "supabase-swift" */ = {
			isa = XCRemoteSwiftPackageReference;
			repositoryURL = "https://github.com/supabase/supabase-swift";
			requirement = {
				kind = upToNextMajorVersion;
				minimumVersion = 2.5.1;
			};
		};
/* End XCRemoteSwiftPackageReference section */

/* Begin XCSwiftPackageProductDependency section */
		38D3D4242E63143C00F0117E /* Auth */ = {
			isa = XCSwiftPackageProductDependency;
			package = 38D3D4232E63143C00F0117E /* XCRemoteSwiftPackageReference "supabase-swift" */;
			productName = Auth;
		};
		38D3D4262E63143C00F0117E /* Functions */ = {
			isa = XCSwiftPackageProductDependency;
			package = 38D3D4232E63143C00F0117E /* XCRemoteSwiftPackageReference "supabase-swift" */;
			productName = Functions;
		};
		38D3D4282E63143C00F0117E /* PostgREST */ = {
			isa = XCSwiftPackageProductDependency;
			package = 38D3D4232E63143C00F0117E /* XCRemoteSwiftPackageReference "supabase-swift" */;
			productName = PostgREST;
		};
		38D3D42A2E63143C00F0117E /* Realtime */ = {
			isa = XCSwiftPackageProductDependency;
			package = 38D3D4232E63143C00F0117E /* XCRemoteSwiftPackageReference "supabase-swift" */;
			productName = Realtime;
		};
		38D3D42C2E63143C00F0117E /* Storage */ = {
			isa = XCSwiftPackageProductDependency;
			package = 38D3D4232E63143C00F0117E /* XCRemoteSwiftPackageReference "supabase-swift" */;
			productName = Storage;
		};
		38D3D4332E63149F00F0117E /* Supabase */ = {
			isa = XCSwiftPackageProductDependency;
			package = 38D3D4232E63143C00F0117E /* XCRemoteSwiftPackageReference "supabase-swift" */;
			productName = Supabase;
		};
/* End XCSwiftPackageProductDependency section */
	};
	rootObject = 38D3D4052E6311FC00F0117E /* Project object */;
}
